Microsoft Visual Studio Solution File, Format Version 12.00
# Visual Studio 15
Project("{FAE04EC0-301F-11D3-BF4B-00C04F79EFBC}") = "appearance", "exploring\appearance\appearance.csproj", "{A7977DB6-7354-31DD-9A41-4F2342EE6CF1}"
EndProject
Project("{FAE04EC0-301F-11D3-BF4B-00C04F79EFBC}") = "assembly", "modeling\assembly\assembly.csproj", "{1C9336B8-8BE2-37AE-8B1C-A1CE05533108}"
EndProject
Project("{FAE04EC0-301F-11D3-BF4B-00C04F79EFBC}") = "baseviewer_wpf", "visualization\wpf\baseviewer\baseviewer_wpf.csproj", "{8A4798DE-B28D-3760-81A1-D8F040EDFA51}"
EndProject
Project("{FAE04EC0-301F-11D3-BF4B-00C04F79EFBC}") = "bom", "exploring\bom\bom.csproj", "{E128EA48-5682-35AB-BE21-A80F2AE4F7C8}"
EndProject
Project("{FAE04EC0-301F-11D3-BF4B-00C04F79EFBC}") = "brep", "modeling\brep\brep.csproj", "{6294077D-FA9F-32D2-9FEC-F7095417A802}"
EndProject
Project("{FAE04EC0-301F-11D3-BF4B-00C04F79EFBC}") = "brepfeatures", "modeling\brepfeatures\brepfeatures.csproj", "{5680534C-9211-32A4-955B-F37B33FE756F}"
EndProject
Project("{FAE04EC0-301F-11D3-BF4B-00C04F79EFBC}") = "brepprimitives", "modeling\brepprimitives\brepprimitives.csproj", "{3496053D-6B74-351F-BC68-75AFCC3625A8}"
EndProject
Project("{FAE04EC0-301F-11D3-BF4B-00C04F79EFBC}") = "breprepresentation", "exploring\breprepresentation\breprepresentation.csproj", "{7F1A9A40-5FC1-3D23-8BAC-C806BF4907D6}"
EndProject
Project("{FAE04EC0-301F-11D3-BF4B-00C04F79EFBC}") = "configurations", "exploring\configurations\configurations.csproj", "{99D03AC9-E419-4051-8535-9CEAD1C420AA}"
EndProject
Project("{FAE04EC0-301F-11D3-BF4B-00C04F79EFBC}") = "customizedviewer_wpf", "visualization\wpf\customizedviewer\customizedviewer_wpf.csproj", "{F7BF5CAF-996C-3104-A90B-621734D2E435}"
EndProject
Project("{FAE04EC0-301F-11D3-BF4B-00C04F79EFBC}") = "export", "conversion\export\export.csproj", "{EDF11041-EE14-365F-9CB5-5497C6DA0A5D}"
EndProject
Project("{FAE04EC0-301F-11D3-BF4B-00C04F79EFBC}") = "import", "conversion\import\import.csproj", "{9462891B-3D3C-3D9F-8D20-D6E081BC1B5D}"
EndProject
Project("{FAE04EC0-301F-11D3-BF4B-00C04F79EFBC}") = "layers", "exploring\layers\layers.csproj", "{90E4DC25-A566-3BAD-AE2A-6FBFCCA4EBD3}"
EndProject
Project("{FAE04EC0-301F-11D3-BF4B-00C04F79EFBC}") = "lods", "meshing\lods\lods.csproj", "{3E57950F-7DC4-35B9-AC2A-A40E1C98368D}"
EndProject
Project("{FAE04EC0-301F-11D3-BF4B-00C04F79EFBC}") = "logging", "misc\logging\logging.csproj", "{DE511207-DABB-3F41-BC82-D4A067153461}"
EndProject
Project("{FAE04EC0-301F-11D3-BF4B-00C04F79EFBC}") = "mefisto", "meshing\mefisto\mefisto.csproj", "{802E27AE-3654-3D19-A814-D47D61D6B453}"
EndProject
Project("{FAE04EC0-301F-11D3-BF4B-00C04F79EFBC}") = "metadata", "modeling\metadata\metadata.csproj", "{F13ABB97-9AAA-3524-8353-7E61EB4EB6B3}"
EndProject
Project("{FAE04EC0-301F-11D3-BF4B-00C04F79EFBC}") = "netgen", "meshing\netgen\netgen.csproj", "{6ABFF261-21C4-3DA2-933A-25551655ECE8}"
EndProject
Project("{FAE04EC0-301F-11D3-BF4B-00C04F79EFBC}") = "poly", "modeling\poly\poly.csproj", "{2034484B-5C7D-3EB7-BD7F-7854E14BAD2D}"
EndProject
Project("{FAE04EC0-301F-11D3-BF4B-00C04F79EFBC}") = "polyrepresentation", "exploring\polyrepresentation\polyrepresentation.csproj", "{77219E01-61E7-39BF-8A63-87C3E25B8465}"
EndProject
Project("{FAE04EC0-301F-11D3-BF4B-00C04F79EFBC}") = "progressindicator", "misc\progressindicator\progressindicator.csproj", "{FF62759E-A0C6-34E7-AC25-3D0A3B72DDD2}"
EndProject
Project("{FAE04EC0-301F-11D3-BF4B-00C04F79EFBC}") = "propertytable", "exploring\propertytable\propertytable.csproj", "{47612E69-6F40-3521-8A11-F1358A821713}"
EndProject
Project("{FAE04EC0-301F-11D3-BF4B-00C04F79EFBC}") = "selectionhandling_wpf", "visualization\wpf\selectionhandling\selectionhandling_wpf.csproj", "{BA4EFA88-1F99-3910-9FD4-4E7E90D5F20C}"
EndProject
Project("{FAE04EC0-301F-11D3-BF4B-00C04F79EFBC}") = "pmi", "exploring\pmi\pmi.csproj", "{51F8BE14-C373-3C03-9AC8-F54A0529AB60}"
EndProject
Project("{FAE04EC0-301F-11D3-BF4B-00C04F79EFBC}") = "transfer", "conversion\transfer\transfer.csproj", "{773C3D7D-DA93-33E8-870F-D9AED234C2C6}"
EndProject
Project("{FAE04EC0-301F-11D3-BF4B-00C04F79EFBC}") = "transferparams", "conversion\transferparams\transferparams.csproj", "{3CD49626-4AE9-45D8-852A-3E852508C68C}"
EndProject
Project("{FAE04EC0-301F-11D3-BF4B-00C04F79EFBC}") = "transformations", "exploring\transformations\transformations.csproj", "{F710CD88-F6F5-339F-89C7-AF558DCBD552}"
EndProject
Project("{FAE04EC0-301F-11D3-BF4B-00C04F79EFBC}") = "validationproperties", "exploring\validationproperties\validationproperties.csproj", "{4771EF1F-415B-3375-B2B4-EC6798891810}"
EndProject
Project("{FAE04EC0-301F-11D3-BF4B-00C04F79EFBC}") = "visualizationmesher", "meshing\visualizationmesher\visualizationmesher.csproj", "{9EB02F6D-7506-3C2F-AF7C-46725D75A2FE}"
EndProject
Project("{2150E333-8FDC-42A3-9474-1A3956D46DE8}") = "conversion", "conversion", "{3A6B4E6C-9956-45F0-B7D3-7A6AD66FD7A6}"
EndProject
Project("{2150E333-8FDC-42A3-9474-1A3956D46DE8}") = "exploring", "exploring", "{D4ABAEC3-3807-4530-9D67-34810DAB6CBE}"
EndProject
Project("{2150E333-8FDC-42A3-9474-1A3956D46DE8}") = "meshing", "meshing", "{DCE720DB-E389-4F42-B026-F8B53C5173B0}"
EndProject
Project("{2150E333-8FDC-42A3-9474-1A3956D46DE8}") = "misc", "misc", "{498EAA21-8F82-4DD3-9E92-9A462B5E8B94}"
EndProject
Project("{2150E333-8FDC-42A3-9474-1A3956D46DE8}") = "modeling", "modeling", "{FB8370C4-7C8F-4A62-9C3F-E472FCEC31FF}"
EndProject
Project("{2150E333-8FDC-42A3-9474-1A3956D46DE8}") = "visualization", "visualization", "{B4CCF41B-CC31-4412-A787-03E0CD77CEC0}"
EndProject
Project("{FAE04EC0-301F-11D3-BF4B-00C04F79EFBC}") = "pmiviewer_wpf", "visualization\wpf\pmiviewer\pmiviewer_wpf.csproj", "{FFA52E82-6789-4086-B547-7842BF46155E}"
EndProject
Project("{FAE04EC0-301F-11D3-BF4B-00C04F79EFBC}") = "baseviewer_winforms", "visualization\winforms\baseviewer\baseviewer_winforms.csproj", "{7E4BB083-12FB-4BC5-A189-19FCEFDD3B5A}"
EndProject
Project("{FAE04EC0-301F-11D3-BF4B-00C04F79EFBC}") = "elementremoval", "modeling\elementremoval\elementremoval.csproj", "{C654BEC3-5FF8-48CF-AE2C-237B2A9A5566}"
EndProject
Project("{FAE04EC0-301F-11D3-BF4B-00C04F79EFBC}") = "offscreen", "visualization\offscreen\offscreen.csproj", "{B0C482F8-D677-4022-8086-527CD087DCEB}"
EndProject
Project("{2150E333-8FDC-42A3-9474-1A3956D46DE8}") = "advgeom", "advgeom", "{1F059CE7-A4FB-44EB-B808-0500B8DCD338}"
EndProject
Project("{FAE04EC0-301F-11D3-BF4B-00C04F79EFBC}") = "meshsimplify", "advgeom\meshsimplify\meshsimplify.csproj", "{5C4A0F7B-F342-4141-B252-95041B5AEAFF}"
EndProject
Project("{FAE04EC0-301F-11D3-BF4B-00C04F79EFBC}") = "remeshing", "meshing\remeshing\remeshing.csproj", "{3A99F464-FDBD-4C57-A42A-559CC3625590}"
EndProject
Project("{FAE04EC0-301F-11D3-BF4B-00C04F79EFBC}") = "brepsimplify", "advgeom\brepsimplify\brepsimplify.csproj", "{D55ED57A-A09F-416B-83C4-1845329E6967}"
EndProject
Project("{FAE04EC0-301F-11D3-BF4B-00C04F79EFBC}") = "brepgeometry", "exploring\brepgeometry\brepgeometry.csproj", "{3733F412-3C84-4DCC-8292-387A38306893}"
EndProject
Project("{FAE04EC0-301F-11D3-BF4B-00C04F79EFBC}") = "cdxfbconverter", "conversion\cdxfbconverter\cdxfbconverter.csproj", "{1B8D628B-DCF7-44FB-8A3B-344EA37E35F1}"
EndProject
Global
	GlobalSection(SolutionConfigurationPlatforms) = preSolution
		Debug|x64 = Debug|x64
		Release|x64 = Release|x64
	EndGlobalSection
	GlobalSection(ProjectConfigurationPlatforms) = postSolution
		{A7977DB6-7354-31DD-9A41-4F2342EE6CF1}.Debug|x64.ActiveCfg = Debug|x64
		{A7977DB6-7354-31DD-9A41-4F2342EE6CF1}.Debug|x64.Build.0 = Debug|x64
		{A7977DB6-7354-31DD-9A41-4F2342EE6CF1}.Release|x64.ActiveCfg = Release|x64
		{A7977DB6-7354-31DD-9A41-4F2342EE6CF1}.Release|x64.Build.0 = Release|x64
		{1C9336B8-8BE2-37AE-8B1C-A1CE05533108}.Debug|x64.ActiveCfg = Debug|x64
		{1C9336B8-8BE2-37AE-8B1C-A1CE05533108}.Debug|x64.Build.0 = Debug|x64
		{1C9336B8-8BE2-37AE-8B1C-A1CE05533108}.Release|x64.ActiveCfg = Release|x64
		{1C9336B8-8BE2-37AE-8B1C-A1CE05533108}.Release|x64.Build.0 = Release|x64
		{8A4798DE-B28D-3760-81A1-D8F040EDFA51}.Debug|x64.ActiveCfg = Debug|x64
		{8A4798DE-B28D-3760-81A1-D8F040EDFA51}.Debug|x64.Build.0 = Debug|x64
		{8A4798DE-B28D-3760-81A1-D8F040EDFA51}.Release|x64.ActiveCfg = Release|x64
		{8A4798DE-B28D-3760-81A1-D8F040EDFA51}.Release|x64.Build.0 = Release|x64
		{E128EA48-5682-35AB-BE21-A80F2AE4F7C8}.Debug|x64.ActiveCfg = Debug|x64
		{E128EA48-5682-35AB-BE21-A80F2AE4F7C8}.Debug|x64.Build.0 = Debug|x64
		{E128EA48-5682-35AB-BE21-A80F2AE4F7C8}.Release|x64.ActiveCfg = Release|x64
		{E128EA48-5682-35AB-BE21-A80F2AE4F7C8}.Release|x64.Build.0 = Release|x64
		{6294077D-FA9F-32D2-9FEC-F7095417A802}.Debug|x64.ActiveCfg = Debug|x64
		{6294077D-FA9F-32D2-9FEC-F7095417A802}.Debug|x64.Build.0 = Debug|x64
		{6294077D-FA9F-32D2-9FEC-F7095417A802}.Release|x64.ActiveCfg = Release|x64
		{6294077D-FA9F-32D2-9FEC-F7095417A802}.Release|x64.Build.0 = Release|x64
		{5680534C-9211-32A4-955B-F37B33FE756F}.Debug|x64.ActiveCfg = Debug|x64
		{5680534C-9211-32A4-955B-F37B33FE756F}.Debug|x64.Build.0 = Debug|x64
		{5680534C-9211-32A4-955B-F37B33FE756F}.Release|x64.ActiveCfg = Release|x64
		{5680534C-9211-32A4-955B-F37B33FE756F}.Release|x64.Build.0 = Release|x64
		{3496053D-6B74-351F-BC68-75AFCC3625A8}.Debug|x64.ActiveCfg = Debug|x64
		{3496053D-6B74-351F-BC68-75AFCC3625A8}.Debug|x64.Build.0 = Debug|x64
		{3496053D-6B74-351F-BC68-75AFCC3625A8}.Release|x64.ActiveCfg = Release|x64
		{3496053D-6B74-351F-BC68-75AFCC3625A8}.Release|x64.Build.0 = Release|x64
		{7F1A9A40-5FC1-3D23-8BAC-C806BF4907D6}.Debug|x64.ActiveCfg = Debug|x64
		{7F1A9A40-5FC1-3D23-8BAC-C806BF4907D6}.Debug|x64.Build.0 = Debug|x64
		{7F1A9A40-5FC1-3D23-8BAC-C806BF4907D6}.Release|x64.ActiveCfg = Release|x64
		{7F1A9A40-5FC1-3D23-8BAC-C806BF4907D6}.Release|x64.Build.0 = Release|x64
		{99D03AC9-E419-4051-8535-9CEAD1C420AA}.Debug|x64.ActiveCfg = Debug|x64
		{99D03AC9-E419-4051-8535-9CEAD1C420AA}.Debug|x64.Build.0 = Debug|x64
		{99D03AC9-E419-4051-8535-9CEAD1C420AA}.Release|x64.ActiveCfg = Release|x64
		{99D03AC9-E419-4051-8535-9CEAD1C420AA}.Release|x64.Build.0 = Release|x64
		{F7BF5CAF-996C-3104-A90B-621734D2E435}.Debug|x64.ActiveCfg = Debug|x64
		{F7BF5CAF-996C-3104-A90B-621734D2E435}.Debug|x64.Build.0 = Debug|x64
		{F7BF5CAF-996C-3104-A90B-621734D2E435}.Release|x64.ActiveCfg = Release|x64
		{F7BF5CAF-996C-3104-A90B-621734D2E435}.Release|x64.Build.0 = Release|x64
		{EDF11041-EE14-365F-9CB5-5497C6DA0A5D}.Debug|x64.ActiveCfg = Debug|x64
		{EDF11041-EE14-365F-9CB5-5497C6DA0A5D}.Debug|x64.Build.0 = Debug|x64
		{EDF11041-EE14-365F-9CB5-5497C6DA0A5D}.Release|x64.ActiveCfg = Release|x64
		{EDF11041-EE14-365F-9CB5-5497C6DA0A5D}.Release|x64.Build.0 = Release|x64
		{9462891B-3D3C-3D9F-8D20-D6E081BC1B5D}.Debug|x64.ActiveCfg = Debug|x64
		{9462891B-3D3C-3D9F-8D20-D6E081BC1B5D}.Debug|x64.Build.0 = Debug|x64
		{9462891B-3D3C-3D9F-8D20-D6E081BC1B5D}.Release|x64.ActiveCfg = Release|x64
		{9462891B-3D3C-3D9F-8D20-D6E081BC1B5D}.Release|x64.Build.0 = Release|x64
		{90E4DC25-A566-3BAD-AE2A-6FBFCCA4EBD3}.Debug|x64.ActiveCfg = Debug|x64
		{90E4DC25-A566-3BAD-AE2A-6FBFCCA4EBD3}.Debug|x64.Build.0 = Debug|x64
		{90E4DC25-A566-3BAD-AE2A-6FBFCCA4EBD3}.Release|x64.ActiveCfg = Release|x64
		{90E4DC25-A566-3BAD-AE2A-6FBFCCA4EBD3}.Release|x64.Build.0 = Release|x64
		{3E57950F-7DC4-35B9-AC2A-A40E1C98368D}.Debug|x64.ActiveCfg = Debug|x64
		{3E57950F-7DC4-35B9-AC2A-A40E1C98368D}.Debug|x64.Build.0 = Debug|x64
		{3E57950F-7DC4-35B9-AC2A-A40E1C98368D}.Release|x64.ActiveCfg = Release|x64
		{3E57950F-7DC4-35B9-AC2A-A40E1C98368D}.Release|x64.Build.0 = Release|x64
		{DE511207-DABB-3F41-BC82-D4A067153461}.Debug|x64.ActiveCfg = Debug|x64
		{DE511207-DABB-3F41-BC82-D4A067153461}.Debug|x64.Build.0 = Debug|x64
		{DE511207-DABB-3F41-BC82-D4A067153461}.Release|x64.ActiveCfg = Release|x64
		{DE511207-DABB-3F41-BC82-D4A067153461}.Release|x64.Build.0 = Release|x64
		{802E27AE-3654-3D19-A814-D47D61D6B453}.Debug|x64.ActiveCfg = Debug|x64
		{802E27AE-3654-3D19-A814-D47D61D6B453}.Debug|x64.Build.0 = Debug|x64
		{802E27AE-3654-3D19-A814-D47D61D6B453}.Release|x64.ActiveCfg = Release|x64
		{802E27AE-3654-3D19-A814-D47D61D6B453}.Release|x64.Build.0 = Release|x64
		{F13ABB97-9AAA-3524-8353-7E61EB4EB6B3}.Debug|x64.ActiveCfg = Debug|x64
		{F13ABB97-9AAA-3524-8353-7E61EB4EB6B3}.Debug|x64.Build.0 = Debug|x64
		{F13ABB97-9AAA-3524-8353-7E61EB4EB6B3}.Release|x64.ActiveCfg = Release|x64
		{F13ABB97-9AAA-3524-8353-7E61EB4EB6B3}.Release|x64.Build.0 = Release|x64
		{6ABFF261-21C4-3DA2-933A-25551655ECE8}.Debug|x64.ActiveCfg = Debug|x64
		{6ABFF261-21C4-3DA2-933A-25551655ECE8}.Debug|x64.Build.0 = Debug|x64
		{6ABFF261-21C4-3DA2-933A-25551655ECE8}.Release|x64.ActiveCfg = Release|x64
		{6ABFF261-21C4-3DA2-933A-25551655ECE8}.Release|x64.Build.0 = Release|x64
		{2034484B-5C7D-3EB7-BD7F-7854E14BAD2D}.Debug|x64.ActiveCfg = Debug|x64
		{2034484B-5C7D-3EB7-BD7F-7854E14BAD2D}.Debug|x64.Build.0 = Debug|x64
		{2034484B-5C7D-3EB7-BD7F-7854E14BAD2D}.Release|x64.ActiveCfg = Release|x64
		{2034484B-5C7D-3EB7-BD7F-7854E14BAD2D}.Release|x64.Build.0 = Release|x64
		{77219E01-61E7-39BF-8A63-87C3E25B8465}.Debug|x64.ActiveCfg = Debug|x64
		{77219E01-61E7-39BF-8A63-87C3E25B8465}.Debug|x64.Build.0 = Debug|x64
		{77219E01-61E7-39BF-8A63-87C3E25B8465}.Release|x64.ActiveCfg = Release|x64
		{77219E01-61E7-39BF-8A63-87C3E25B8465}.Release|x64.Build.0 = Release|x64
		{FF62759E-A0C6-34E7-AC25-3D0A3B72DDD2}.Debug|x64.ActiveCfg = Debug|x64
		{FF62759E-A0C6-34E7-AC25-3D0A3B72DDD2}.Debug|x64.Build.0 = Debug|x64
		{FF62759E-A0C6-34E7-AC25-3D0A3B72DDD2}.Release|x64.ActiveCfg = Release|x64
		{FF62759E-A0C6-34E7-AC25-3D0A3B72DDD2}.Release|x64.Build.0 = Release|x64
		{47612E69-6F40-3521-8A11-F1358A821713}.Debug|x64.ActiveCfg = Debug|x64
		{47612E69-6F40-3521-8A11-F1358A821713}.Debug|x64.Build.0 = Debug|x64
		{47612E69-6F40-3521-8A11-F1358A821713}.Release|x64.ActiveCfg = Release|x64
		{47612E69-6F40-3521-8A11-F1358A821713}.Release|x64.Build.0 = Release|x64
		{BA4EFA88-1F99-3910-9FD4-4E7E90D5F20C}.Debug|x64.ActiveCfg = Debug|x64
		{BA4EFA88-1F99-3910-9FD4-4E7E90D5F20C}.Debug|x64.Build.0 = Debug|x64
		{BA4EFA88-1F99-3910-9FD4-4E7E90D5F20C}.Release|x64.ActiveCfg = Release|x64
		{BA4EFA88-1F99-3910-9FD4-4E7E90D5F20C}.Release|x64.Build.0 = Release|x64
		{51F8BE14-C373-3C03-9AC8-F54A0529AB60}.Debug|x64.ActiveCfg = Debug|x64
		{51F8BE14-C373-3C03-9AC8-F54A0529AB60}.Debug|x64.Build.0 = Debug|x64
		{51F8BE14-C373-3C03-9AC8-F54A0529AB60}.Release|x64.ActiveCfg = Release|x64
		{51F8BE14-C373-3C03-9AC8-F54A0529AB60}.Release|x64.Build.0 = Release|x64
		{773C3D7D-DA93-33E8-870F-D9AED234C2C6}.Debug|x64.ActiveCfg = Debug|x64
		{773C3D7D-DA93-33E8-870F-D9AED234C2C6}.Debug|x64.Build.0 = Debug|x64
		{773C3D7D-DA93-33E8-870F-D9AED234C2C6}.Release|x64.ActiveCfg = Release|x64
		{773C3D7D-DA93-33E8-870F-D9AED234C2C6}.Release|x64.Build.0 = Release|x64
		{3CD49626-4AE9-45D8-852A-3E852508C68C}.Debug|x64.ActiveCfg = Debug|x64
		{3CD49626-4AE9-45D8-852A-3E852508C68C}.Debug|x64.Build.0 = Debug|x64
		{3CD49626-4AE9-45D8-852A-3E852508C68C}.Release|x64.ActiveCfg = Release|x64
		{3CD49626-4AE9-45D8-852A-3E852508C68C}.Release|x64.Build.0 = Release|x64
		{F710CD88-F6F5-339F-89C7-AF558DCBD552}.Debug|x64.ActiveCfg = Debug|x64
		{F710CD88-F6F5-339F-89C7-AF558DCBD552}.Debug|x64.Build.0 = Debug|x64
		{F710CD88-F6F5-339F-89C7-AF558DCBD552}.Release|x64.ActiveCfg = Release|x64
		{F710CD88-F6F5-339F-89C7-AF558DCBD552}.Release|x64.Build.0 = Release|x64
		{4771EF1F-415B-3375-B2B4-EC6798891810}.Debug|x64.ActiveCfg = Debug|x64
		{4771EF1F-415B-3375-B2B4-EC6798891810}.Debug|x64.Build.0 = Debug|x64
		{4771EF1F-415B-3375-B2B4-EC6798891810}.Release|x64.ActiveCfg = Release|x64
		{4771EF1F-415B-3375-B2B4-EC6798891810}.Release|x64.Build.0 = Release|x64
		{9EB02F6D-7506-3C2F-AF7C-46725D75A2FE}.Debug|x64.ActiveCfg = Debug|x64
		{9EB02F6D-7506-3C2F-AF7C-46725D75A2FE}.Debug|x64.Build.0 = Debug|x64
		{9EB02F6D-7506-3C2F-AF7C-46725D75A2FE}.Release|x64.ActiveCfg = Release|x64
		{9EB02F6D-7506-3C2F-AF7C-46725D75A2FE}.Release|x64.Build.0 = Release|x64
		{FFA52E82-6789-4086-B547-7842BF46155E}.Debug|x64.ActiveCfg = Debug|x64
		{FFA52E82-6789-4086-B547-7842BF46155E}.Debug|x64.Build.0 = Debug|x64
		{FFA52E82-6789-4086-B547-7842BF46155E}.Release|x64.ActiveCfg = Release|x64
		{FFA52E82-6789-4086-B547-7842BF46155E}.Release|x64.Build.0 = Release|x64
		{7E4BB083-12FB-4BC5-A189-19FCEFDD3B5A}.Debug|x64.ActiveCfg = Debug|x64
		{7E4BB083-12FB-4BC5-A189-19FCEFDD3B5A}.Debug|x64.Build.0 = Debug|x64
		{7E4BB083-12FB-4BC5-A189-19FCEFDD3B5A}.Release|x64.ActiveCfg = Release|x64
		{7E4BB083-12FB-4BC5-A189-19FCEFDD3B5A}.Release|x64.Build.0 = Release|x64
		{C654BEC3-5FF8-48CF-AE2C-237B2A9A5566}.Debug|x64.ActiveCfg = Debug|x64
		{C654BEC3-5FF8-48CF-AE2C-237B2A9A5566}.Debug|x64.Build.0 = Debug|x64
		{C654BEC3-5FF8-48CF-AE2C-237B2A9A5566}.Release|x64.ActiveCfg = Release|x64
		{C654BEC3-5FF8-48CF-AE2C-237B2A9A5566}.Release|x64.Build.0 = Release|x64
		{B0C482F8-D677-4022-8086-527CD087DCEB}.Debug|x64.ActiveCfg = Debug|x64
		{B0C482F8-D677-4022-8086-527CD087DCEB}.Debug|x64.Build.0 = Debug|x64
		{B0C482F8-D677-4022-8086-527CD087DCEB}.Release|x64.ActiveCfg = Release|x64
		{B0C482F8-D677-4022-8086-527CD087DCEB}.Release|x64.Build.0 = Release|x64
		{5C4A0F7B-F342-4141-B252-95041B5AEAFF}.Debug|x64.ActiveCfg = Debug|x64
		{5C4A0F7B-F342-4141-B252-95041B5AEAFF}.Debug|x64.Build.0 = Debug|x64
		{5C4A0F7B-F342-4141-B252-95041B5AEAFF}.Release|x64.ActiveCfg = Release|x64
		{5C4A0F7B-F342-4141-B252-95041B5AEAFF}.Release|x64.Build.0 = Release|x64
		{3A99F464-FDBD-4C57-A42A-559CC3625590}.Debug|x64.ActiveCfg = Debug|x64
		{3A99F464-FDBD-4C57-A42A-559CC3625590}.Debug|x64.Build.0 = Debug|x64
		{3A99F464-FDBD-4C57-A42A-559CC3625590}.Release|x64.ActiveCfg = Release|x64
		{3A99F464-FDBD-4C57-A42A-559CC3625590}.Release|x64.Build.0 = Release|x64
		{D55ED57A-A09F-416B-83C4-1845329E6967}.Debug|x64.ActiveCfg = Debug|x64
		{D55ED57A-A09F-416B-83C4-1845329E6967}.Debug|x64.Build.0 = Debug|x64
		{D55ED57A-A09F-416B-83C4-1845329E6967}.Release|x64.ActiveCfg = Release|x64
		{D55ED57A-A09F-416B-83C4-1845329E6967}.Release|x64.Build.0 = Release|x64
		{3733F412-3C84-4DCC-8292-387A38306893}.Debug|x64.ActiveCfg = Debug|x64
		{3733F412-3C84-4DCC-8292-387A38306893}.Debug|x64.Build.0 = Debug|x64
		{3733F412-3C84-4DCC-8292-387A38306893}.Release|x64.ActiveCfg = Release|x64
		{3733F412-3C84-4DCC-8292-387A38306893}.Release|x64.Build.0 = Release|x64
		{1B8D628B-DCF7-44FB-8A3B-344EA37E35F1}.Debug|x64.ActiveCfg = Debug|x64
		{1B8D628B-DCF7-44FB-8A3B-344EA37E35F1}.Debug|x64.Build.0 = Debug|x64
		{1B8D628B-DCF7-44FB-8A3B-344EA37E35F1}.Release|x64.ActiveCfg = Release|x64
		{1B8D628B-DCF7-44FB-8A3B-344EA37E35F1}.Release|x64.Build.0 = Release|x64
	EndGlobalSection
	GlobalSection(SolutionProperties) = preSolution
		HideSolutionNode = FALSE
	EndGlobalSection
	GlobalSection(NestedProjects) = preSolution
		{A7977DB6-7354-31DD-9A41-4F2342EE6CF1} = {D4ABAEC3-3807-4530-9D67-34810DAB6CBE}
		{1C9336B8-8BE2-37AE-8B1C-A1CE05533108} = {FB8370C4-7C8F-4A62-9C3F-E472FCEC31FF}
		{8A4798DE-B28D-3760-81A1-D8F040EDFA51} = {B4CCF41B-CC31-4412-A787-03E0CD77CEC0}
		{E128EA48-5682-35AB-BE21-A80F2AE4F7C8} = {D4ABAEC3-3807-4530-9D67-34810DAB6CBE}
		{6294077D-FA9F-32D2-9FEC-F7095417A802} = {FB8370C4-7C8F-4A62-9C3F-E472FCEC31FF}
		{5680534C-9211-32A4-955B-F37B33FE756F} = {FB8370C4-7C8F-4A62-9C3F-E472FCEC31FF}
		{3496053D-6B74-351F-BC68-75AFCC3625A8} = {FB8370C4-7C8F-4A62-9C3F-E472FCEC31FF}
		{7F1A9A40-5FC1-3D23-8BAC-C806BF4907D6} = {D4ABAEC3-3807-4530-9D67-34810DAB6CBE}
		{99D03AC9-E419-4051-8535-9CEAD1C420AA} = {D4ABAEC3-3807-4530-9D67-34810DAB6CBE}
		{F7BF5CAF-996C-3104-A90B-621734D2E435} = {B4CCF41B-CC31-4412-A787-03E0CD77CEC0}
		{EDF11041-EE14-365F-9CB5-5497C6DA0A5D} = {3A6B4E6C-9956-45F0-B7D3-7A6AD66FD7A6}
		{9462891B-3D3C-3D9F-8D20-D6E081BC1B5D} = {3A6B4E6C-9956-45F0-B7D3-7A6AD66FD7A6}
		{90E4DC25-A566-3BAD-AE2A-6FBFCCA4EBD3} = {D4ABAEC3-3807-4530-9D67-34810DAB6CBE}
		{3E57950F-7DC4-35B9-AC2A-A40E1C98368D} = {DCE720DB-E389-4F42-B026-F8B53C5173B0}
		{DE511207-DABB-3F41-BC82-D4A067153461} = {498EAA21-8F82-4DD3-9E92-9A462B5E8B94}
		{802E27AE-3654-3D19-A814-D47D61D6B453} = {DCE720DB-E389-4F42-B026-F8B53C5173B0}
		{F13ABB97-9AAA-3524-8353-7E61EB4EB6B3} = {FB8370C4-7C8F-4A62-9C3F-E472FCEC31FF}
		{6ABFF261-21C4-3DA2-933A-25551655ECE8} = {DCE720DB-E389-4F42-B026-F8B53C5173B0}
		{2034484B-5C7D-3EB7-BD7F-7854E14BAD2D} = {FB8370C4-7C8F-4A62-9C3F-E472FCEC31FF}
		{77219E01-61E7-39BF-8A63-87C3E25B8465} = {D4ABAEC3-3807-4530-9D67-34810DAB6CBE}
		{FF62759E-A0C6-34E7-AC25-3D0A3B72DDD2} = {498EAA21-8F82-4DD3-9E92-9A462B5E8B94}
		{47612E69-6F40-3521-8A11-F1358A821713} = {D4ABAEC3-3807-4530-9D67-34810DAB6CBE}
		{BA4EFA88-1F99-3910-9FD4-4E7E90D5F20C} = {B4CCF41B-CC31-4412-A787-03E0CD77CEC0}
		{51F8BE14-C373-3C03-9AC8-F54A0529AB60} = {D4ABAEC3-3807-4530-9D67-34810DAB6CBE}
		{773C3D7D-DA93-33E8-870F-D9AED234C2C6} = {3A6B4E6C-9956-45F0-B7D3-7A6AD66FD7A6}
		{3CD49626-4AE9-45D8-852A-3E852508C68C} = {3A6B4E6C-9956-45F0-B7D3-7A6AD66FD7A6}
		{F710CD88-F6F5-339F-89C7-AF558DCBD552} = {D4ABAEC3-3807-4530-9D67-34810DAB6CBE}
		{4771EF1F-415B-3375-B2B4-EC6798891810} = {D4ABAEC3-3807-4530-9D67-34810DAB6CBE}
		{9EB02F6D-7506-3C2F-AF7C-46725D75A2FE} = {DCE720DB-E389-4F42-B026-F8B53C5173B0}
		{FFA52E82-6789-4086-B547-7842BF46155E} = {B4CCF41B-CC31-4412-A787-03E0CD77CEC0}
		{7E4BB083-12FB-4BC5-A189-19FCEFDD3B5A} = {B4CCF41B-CC31-4412-A787-03E0CD77CEC0}
		{C654BEC3-5FF8-48CF-AE2C-237B2A9A5566} = {FB8370C4-7C8F-4A62-9C3F-E472FCEC31FF}
		{B0C482F8-D677-4022-8086-527CD087DCEB} = {B4CCF41B-CC31-4412-A787-03E0CD77CEC0}
		{5C4A0F7B-F342-4141-B252-95041B5AEAFF} = {1F059CE7-A4FB-44EB-B808-0500B8DCD338}
		{3A99F464-FDBD-4C57-A42A-559CC3625590} = {DCE720DB-E389-4F42-B026-F8B53C5173B0}
		{D55ED57A-A09F-416B-83C4-1845329E6967} = {1F059CE7-A4FB-44EB-B808-0500B8DCD338}
		{3733F412-3C84-4DCC-8292-387A38306893} = {D4ABAEC3-3807-4530-9D67-34810DAB6CBE}
		{1B8D628B-DCF7-44FB-8A3B-344EA37E35F1} = {3A6B4E6C-9956-45F0-B7D3-7A6AD66FD7A6}
	EndGlobalSection
	GlobalSection(ExtensibilityGlobals) = postSolution
		SolutionGuid = {03A18950-EBDD-35D9-A967-5B59D977CBD6}
	EndGlobalSection
EndGlobal
